
Microsoft Visual Studio Solution File, Format Version 12.00
# Visual Studio Version 17
VisualStudioVersion = 17.14.36908.2 d17.14
MinimumVisualStudioVersion = 10.0.40219.1
Project("{FAE04EC0-301F-11D3-BF4B-00C04F79EFBC}") = "Learnicted", "Learnicted\Learnicted.csproj", "{D847D080-46EF-4199-8BBA-7C89C53BD293}"
EndProject
Global
	GlobalSection(SolutionConfigurationPlatforms) = preSolution
		Debug|Any CPU = Debug|Any CPU
		Release|Any CPU = Release|Any CPU
	EndGlobalSection
	GlobalSection(ProjectConfigurationPlatforms) = postSolution
		{D847D080-46EF-4199-8BBA-7C89C53BD293}.Debug|Any CPU.ActiveCfg = Debug|Any CPU
		{D847D080-46EF-4199-8BBA-7C89C53BD293}.Debug|Any CPU.Build.0 = Debug|Any CPU
		{D847D080-46EF-4199-8BBA-7C89C53BD293}.Release|Any CPU.ActiveCfg = Release|Any CPU
		{D847D080-46EF-4199-8BBA-7C89C53BD293}.Release|Any CPU.Build.0 = Release|Any CPU
	EndGlobalSection
	GlobalSection(SolutionProperties) = preSolution
		HideSolutionNode = FALSE
	EndGlobalSection
	GlobalSection(ExtensibilityGlobals) = postSolution
		SolutionGuid = {53F15E3C-B49F-4782-BC15-FD8C5B6FD6C4}
	EndGlobalSection
EndGlobal
